
Microsoft Visual Studio Solution File, Format Version 12.00
# Visual Studio 15
VisualStudioVersion = 15.0.26730.15
MinimumVisualStudioVersion = 10.0.40219.1
Project("{888888A0-9F3D-457C-B088-3A5042F75D52}") = "Oven", "Oven\Oven.pyproj", "{24D6A333-99C0-48C5-84E2-BF01057E2229}"
EndProject
Global
	GlobalSection(SolutionConfigurationPlatforms) = preSolution
		Debug|Any CPU = Debug|Any CPU
		Release|Any CPU = Release|Any CPU
	EndGlobalSection
	GlobalSection(ProjectConfigurationPlatforms) = postSolution
		{24D6A333-99C0-48C5-84E2-BF01057E2229}.Debug|Any CPU.ActiveCfg = Debug|Any CPU
		{24D6A333-99C0-48C5-84E2-BF01057E2229}.Debug|Any CPU.Build.0 = Debug|Any CPU
		{24D6A333-99C0-48C5-84E2-BF01057E2229}.Release|Any CPU.ActiveCfg = Release|Any CPU
		{24D6A333-99C0-48C5-84E2-BF01057E2229}.Release|Any CPU.Build.0 = Release|Any CPU
	EndGlobalSection
	GlobalSection(SolutionProperties) = preSolution
		HideSolutionNode = FALSE
	EndGlobalSection
	GlobalSection(ExtensibilityGlobals) = postSolution
		SolutionGuid = {AD44FC7A-C470-4677-BB30-155FB65D8018}
	EndGlobalSection
EndGlobal
